
Microsoft Visual Studio Solution File, Format Version 12.00
# Visual Studio 15
VisualStudioVersion = 15.0.27130.2027
MinimumVisualStudioVersion = 10.0.40219.1
Project("{FAE04EC0-301F-11D3-BF4B-00C04F79EFBC}") = "OurFirstBot", "OurFirstBot\OurFirstBot.csproj", "{B793CF67-0A2D-404D-BE4F-59C1132439A2}"
EndProject
Global
	GlobalSection(SolutionConfigurationPlatforms) = preSolution
		Debug|Any CPU = Debug|Any CPU
		Release|Any CPU = Release|Any CPU
	EndGlobalSection
	GlobalSection(ProjectConfigurationPlatforms) = postSolution
		{B793CF67-0A2D-404D-BE4F-59C1132439A2}.Debug|Any CPU.ActiveCfg = Debug|Any CPU
		{B793CF67-0A2D-404D-BE4F-59C1132439A2}.Debug|Any CPU.Build.0 = Debug|Any CPU
		{B793CF67-0A2D-404D-BE4F-59C1132439A2}.Release|Any CPU.ActiveCfg = Release|Any CPU
		{B793CF67-0A2D-404D-BE4F-59C1132439A2}.Release|Any CPU.Build.0 = Release|Any CPU
	EndGlobalSection
	GlobalSection(SolutionProperties) = preSolution
		HideSolutionNode = FALSE
	EndGlobalSection
	GlobalSection(ExtensibilityGlobals) = postSolution
		SolutionGuid = {C8C4322A-8040-40E3-A9D4-A565AF2ED09A}
	EndGlobalSection
EndGlobal
